
Microsoft Visual Studio Solution File, Format Version 12.00
# Visual Studio Version 17
VisualStudioVersion = 17.5.33530.505
MinimumVisualStudioVersion = 10.0.40219.1
Project("{FAE04EC0-301F-11D3-BF4B-00C04F79EFBC}") = "testandoIde", "testandoIde\testandoIde.csproj", "{2887279B-7EF0-4545-9C7A-14FB6CCCDB63}"
EndProject
Global
	GlobalSection(SolutionConfigurationPlatforms) = preSolution
		Debug|Any CPU = Debug|Any CPU
		Release|Any CPU = Release|Any CPU
	EndGlobalSection
	GlobalSection(ProjectConfigurationPlatforms) = postSolution
		{2887279B-7EF0-4545-9C7A-14FB6CCCDB63}.Debug|Any CPU.ActiveCfg = Debug|Any CPU
		{2887279B-7EF0-4545-9C7A-14FB6CCCDB63}.Debug|Any CPU.Build.0 = Debug|Any CPU
		{2887279B-7EF0-4545-9C7A-14FB6CCCDB63}.Release|Any CPU.ActiveCfg = Release|Any CPU
		{2887279B-7EF0-4545-9C7A-14FB6CCCDB63}.Release|Any CPU.Build.0 = Release|Any CPU
	EndGlobalSection
	GlobalSection(SolutionProperties) = preSolution
		HideSolutionNode = FALSE
	EndGlobalSection
	GlobalSection(ExtensibilityGlobals) = postSolution
		SolutionGuid = {F704E2D3-6186-4569-AAE0-97E89E8C09D1}
	EndGlobalSection
EndGlobal
